// !$*UTF8*$!
{
	archiveVersion = 1;
	classes = {
	};
	objectVersion = 56;
	objects = {

/* Begin PBXBuildFile section */
		D4956DAE2B18247A0043A2BE /* AirbnbApp.swift in Sources */ = {isa = PBXBuildFile; fileRef = D4956DAD2B18247A0043A2BE /* AirbnbApp.swift */; };
		D4956DB02B18247A0043A2BE /* ContentView.swift in Sources */ = {isa = PBXBuildFile; fileRef = D4956DAF2B18247A0043A2BE /* ContentView.swift */; };
		D4956DB22B18247B0043A2BE /* Assets.xcassets in Resources */ = {isa = PBXBuildFile; fileRef = D4956DB12B18247B0043A2BE /* Assets.xcassets */; };
		D4956DB52B18247B0043A2BE /* Preview Assets.xcassets in Resources */ = {isa = PBXBuildFile; fileRef = D4956DB42B18247B0043A2BE /* Preview Assets.xcassets */; };
		D4956DBD2B1824B60043A2BE /* FeedItemView.swift in Sources */ = {isa = PBXBuildFile; fileRef = D4956DBC2B1824B60043A2BE /* FeedItemView.swift */; };
		D4956DBF2B1828330043A2BE /* SearchView.swift in Sources */ = {isa = PBXBuildFile; fileRef = D4956DBE2B1828330043A2BE /* SearchView.swift */; };
/* End PBXBuildFile section */

/* Begin PBXFileReference section */
		D4956DAA2B18247A0043A2BE /* Airbnb.app */ = {isa = PBXFileReference; explicitFileType = wrapper.application; includeInIndex = 0; path = Airbnb.app; sourceTree = BUILT_PRODUCTS_DIR; };
		D4956DAD2B18247A0043A2BE /* AirbnbApp.swift */ = {isa = PBXFileReference; lastKnownFileType = sourcecode.swift; path = AirbnbApp.swift; sourceTree = "<group>"; };
		D4956DAF2B18247A0043A2BE /* ContentView.swift */ = {isa = PBXFileReference; lastKnownFileType = sourcecode.swift; path = ContentView.swift; sourceTree = "<group>"; };
		D4956DB12B18247B0043A2BE /* Assets.xcassets */ = {isa = PBXFileReference; lastKnownFileType = folder.assetcatalog; path = Assets.xcassets; sourceTree = "<group>"; };
		D4956DB42B18247B0043A2BE /* Preview Assets.xcassets */ = {isa = PBXFileReference; lastKnownFileType = folder.assetcatalog; path = "Preview Assets.xcassets"; sourceTree = "<group>"; };
		D4956DBC2B1824B60043A2BE /* FeedItemView.swift */ = {isa = PBXFileReference; lastKnownFileType = sourcecode.swift; path = FeedItemView.swift; sourceTree = "<group>"; };
		D4956DBE2B1828330043A2BE /* SearchView.swift */ = {isa = PBXFileReference; lastKnownFileType = sourcecode.swift; path = SearchView.swift; sourceTree = "<group>"; };
/* End PBXFileReference section */

/* Begin PBXFrameworksBuildPhase section */
		D4956DA72B18247A0043A2BE /* Frameworks */ = {
			isa = PBXFrameworksBuildPhase;
			buildActionMask = 2147483647;
			files = (
			);
			runOnlyForDeploymentPostprocessing = 0;
		};
/* End PBXFrameworksBuildPhase section */

/* Begin PBXGroup section */
		D4956DA12B18247A0043A2BE = {
			isa = PBXGroup;
			children = (
				D4956DAC2B18247A0043A2BE /* Airbnb */,
				D4956DAB2B18247A0043A2BE /* Products */,
			);
			sourceTree = "<group>";
		};
		D4956DAB2B18247A0043A2BE /* Products */ = {
			isa = PBXGroup;
			children = (
				D4956DAA2B18247A0043A2BE /* Airbnb.app */,
			);
			name = Products;
			sourceTree = "<group>";
		};
		D4956DAC2B18247A0043A2BE /* Airbnb */ = {
			isa = PBXGroup;
			children = (
				D4956DBB2B18249A0043A2BE /* Components */,
				D4956DAD2B18247A0043A2BE /* AirbnbApp.swift */,
				D4956DAF2B18247A0043A2BE /* ContentView.swift */,
				D4956DB12B18247B0043A2BE /* Assets.xcassets */,
				D4956DB32B18247B0043A2BE /* Preview Content */,
			);
			path = Airbnb;
			sourceTree = "<group>";
		};
		D4956DB32B18247B0043A2BE /* Preview Content */ = {
			isa = PBXGroup;
			children = (
				D4956DB42B18247B0043A2BE /* Preview Assets.xcassets */,
			);
			path = "Preview Content";
			sourceTree = "<group>";
		};
		D4956DBB2B18249A0043A2BE /* Components */ = {
			isa = PBXGroup;
			children = (
				D4956DBC2B1824B60043A2BE /* FeedItemView.swift */,
				D4956DBE2B1828330043A2BE /* SearchView.swift */,
			);
			path = Components;
			sourceTree = "<group>";
		};
/* End PBXGroup section */

/* Begin PBXNativeTarget section */
		D4956DA92B18247A0043A2BE /* Airbnb */ = {
			isa = PBXNativeTarget;
			buildConfigurationList = D4956DB82B18247B0043A2BE /* Build configuration list for PBXNativeTarget "Airbnb" */;
			buildPhases = (
				D4956DA62B18247A0043A2BE /* Sources */,
				D4956DA72B18247A0043A2BE /* Frameworks */,
				D4956DA82B18247A0043A2BE /* Resources */,
			);
			buildRules = (
			);
			dependencies = (
			);
			name = Airbnb;
			productName = Airbnb;
			productReference = D4956DAA2B18247A0043A2BE /* Airbnb.app */;
			productType = "com.apple.product-type.application";
		};
/* End PBXNativeTarget section */

/* Begin PBXProject section */
		D4956DA22B18247A0043A2BE /* Project object */ = {
			isa = PBXProject;
			attributes = {
				BuildIndependentTargetsInParallel = 1;
				LastSwiftUpdateCheck = 1430;
				LastUpgradeCheck = 1430;
				TargetAttributes = {
					D4956DA92B18247A0043A2BE = {
						CreatedOnToolsVersion = 14.3.1;
					};
				};
			};
			buildConfigurationList = D4956DA52B18247A0043A2BE /* Build configuration list for PBXProject "Airbnb" */;
			compatibilityVersion = "Xcode 14.0";
			developmentRegion = en;
			hasScannedForEncodings = 0;
			knownRegions = (
				en,
				Base,
			);
			mainGroup = D4956DA12B18247A0043A2BE;
			productRefGroup = D4956DAB2B18247A0043A2BE /* Products */;
			projectDirPath = "";
			projectRoot = "";
			targets = (
				D4956DA92B18247A0043A2BE /* Airbnb */,
			);
		};
/* End PBXProject section */

/* Begin PBXResourcesBuildPhase section */
		D4956DA82B18247A0043A2BE /* Resources */ = {
			isa = PBXResourcesBuildPhase;
			buildActionMask = 2147483647;
			files = (
				D4956DB52B18247B0043A2BE /* Preview Assets.xcassets in Resources */,
				D4956DB22B18247B0043A2BE /* Assets.xcassets in Resources */,
			);
			runOnlyForDeploymentPostprocessing = 0;
		};
/* End PBXResourcesBuildPhase section */

/* Begin PBXSourcesBuildPhase section */
		D4956DA62B18247A0043A2BE /* Sources */ = {
			isa = PBXSourcesBuildPhase;
			buildActionMask = 2147483647;
			files = (
				D4956DBF2B1828330043A2BE /* SearchView.swift in Sources */,
				D4956DB02B18247A0043A2BE /* ContentView.swift in Sources */,
				D4956DBD2B1824B60043A2BE /* FeedItemView.swift in Sources */,
				D4956DAE2B18247A0043A2BE /* AirbnbApp.swift in Sources */,
			);
			runOnlyForDeploymentPostprocessing = 0;
		};
/* End PBXSourcesBuildPhase section */

/* Begin XCBuildConfiguration section */
		D4956DB62B18247B0043A2BE /* Debug */ = {
			isa = XCBuildConfiguration;
			buildSettings = {
				ALWAYS_SEARCH_USER_PATHS = NO;
				CLANG_ANALYZER_NONNULL = YES;
				CLANG_ANALYZER_NUMBER_OBJECT_CONVERSION = YES_AGGRESSIVE;
				CLANG_CXX_LANGUAGE_STANDARD = "gnu++20";
				CLANG_ENABLE_MODULES = YES;
				CLANG_ENABLE_OBJC_ARC = YES;
				CLANG_ENABLE_OBJC_WEAK = YES;
				CLANG_WARN_BLOCK_CAPTURE_AUTORELEASING = YES;
				CLANG_WARN_BOOL_CONVERSION = YES;
				CLANG_WARN_COMMA = YES;
				CLANG_WARN_CONSTANT_CONVERSION = YES;
				CLANG_WARN_DEPRECATED_OBJC_IMPLEMENTATIONS = YES;
				CLANG_WARN_DIRECT_OBJC_ISA_USAGE = YES_ERROR;
				CLANG_WARN_DOCUMENTATION_COMMENTS = YES;
				CLANG_WARN_EMPTY_BODY = YES;
				CLANG_WARN_ENUM_CONVERSION = YES;
				CLANG_WARN_INFINITE_RECURSION = YES;
				CLANG_WARN_INT_CONVERSION = YES;
				CLANG_WARN_NON_LITERAL_NULL_CONVERSION = YES;
				CLANG_WARN_OBJC_IMPLICIT_RETAIN_SELF = YES;
				CLANG_WARN_OBJC_LITERAL_CONVERSION = YES;
				CLANG_WARN_OBJC_ROOT_CLASS = YES_ERROR;
				CLANG_WARN_QUOTED_INCLUDE_IN_FRAMEWORK_HEADER = YES;
				CLANG_WARN_RANGE_LOOP_ANALYSIS = YES;
				CLANG_WARN_STRICT_PROTOTYPES = YES;
				CLANG_WARN_SUSPICIOUS_MOVE = YES;
				CLANG_WARN_UNGUARDED_AVAILABILITY = YES_AGGRESSIVE;
				CLANG_WARN_UNREACHABLE_CODE = YES;
				CLANG_WARN__DUPLICATE_METHOD_MATCH = YES;
				COPY_PHASE_STRIP = NO;
				DEBUG_INFORMATION_FORMAT = dwarf;
				ENABLE_STRICT_OBJC_MSGSEND = YES;
				ENABLE_TESTABILITY = YES;
				GCC_C_LANGUAGE_STANDARD = gnu11;
				GCC_DYNAMIC_NO_PIC = NO;
				GCC_NO_COMMON_BLOCKS = YES;
				GCC_OPTIMIZATION_LEVEL = 0;
				GCC_PREPROCESSOR_DEFINITIONS = (
					"DEBUG=1",
					"$(inherited)",
				);
				GCC_WARN_64_TO_32_BIT_CONVERSION = YES;
				GCC_WARN_ABOUT_RETURN_TYPE = YES_ERROR;
				GCC_WARN_UNDECLARED_SELECTOR = YES;
				GCC_WARN_UNINITIALIZED_AUTOS = YES_AGGRESSIVE;
				GCC_WARN_UNUSED_FUNCTION = YES;
				GCC_WARN_UNUSED_VARIABLE = YES;
				IPHONEOS_DEPLOYMENT_TARGET = 16.4;
				MTL_ENABLE_DEBUG_INFO = INCLUDE_SOURCE;
				MTL_FAST_MATH = YES;
				ONLY_ACTIVE_ARCH = YES;
				SDKROOT = iphoneos;
				SWIFT_ACTIVE_COMPILATION_CONDITIONS = DEBUG;
				SWIFT_OPTIMIZATION_LEVEL = "-Onone";
			};
			name = Debug;
		};
		D4956DB72B18247B0043A2BE /* Release */ = {
			isa = XCBuildConfiguration;
			buildSettings = {
				ALWAYS_SEARCH_USER_PATHS = NO;
				CLANG_ANALYZER_NONNULL = YES;
				CLANG_ANALYZER_NUMBER_OBJECT_CONVERSION = YES_AGGRESSIVE;
				CLANG_CXX_LANGUAGE_STANDARD = "gnu++20";
				CLANG_ENABLE_MODULES = YES;
				CLANG_ENABLE_OBJC_ARC = YES;
				CLANG_ENABLE_OBJC_WEAK = YES;
				CLANG_WARN_BLOCK_CAPTURE_AUTORELEASING = YES;
				CLANG_WARN_BOOL_CONVERSION = YES;
				CLANG_WARN_COMMA = YES;
				CLANG_WARN_CONSTANT_CONVERSION = YES;
				CLANG_WARN_DEPRECATED_OBJC_IMPLEMENTATIONS = YES;
				CLANG_WARN_DIRECT_OBJC_ISA_USAGE = YES_ERROR;
				CLANG_WARN_DOCUMENTATION_COMMENTS = YES;
				CLANG_WARN_EMPTY_BODY = YES;
				CLANG_WARN_ENUM_CONVERSION = YES;
				CLANG_WARN_INFINITE_RECURSION = YES;
				CLANG_WARN_INT_CONVERSION = YES;
				CLANG_WARN_NON_LITERAL_NULL_CONVERSION = YES;
				CLANG_WARN_OBJC_IMPLICIT_RETAIN_SELF = YES;
				CLANG_WARN_OBJC_LITERAL_CONVERSION = YES;
				CLANG_WARN_OBJC_ROOT_CLASS = YES_ERROR;
				CLANG_WARN_QUOTED_INCLUDE_IN_FRAMEWORK_HEADER = YES;
				CLANG_WARN_RANGE_LOOP_ANALYSIS = YES;
				CLANG_WARN_STRICT_PROTOTYPES = YES;
				CLANG_WARN_SUSPICIOUS_MOVE = YES;
				CLANG_WARN_UNGUARDED_AVAILABILITY = YES_AGGRESSIVE;
				CLANG_WARN_UNREACHABLE_CODE = YES;
				CLANG_WARN__DUPLICATE_METHOD_MATCH = YES;
				COPY_PHASE_STRIP = NO;
				DEBUG_INFORMATION_FORMAT = "dwarf-with-dsym";
				ENABLE_NS_ASSERTIONS = NO;
				ENABLE_STRICT_OBJC_MSGSEND = YES;
				GCC_C_LANGUAGE_STANDARD = gnu11;
				GCC_NO_COMMON_BLOCKS = YES;
				GCC_WARN_64_TO_32_BIT_CONVERSION = YES;
				GCC_WARN_ABOUT_RETURN_TYPE = YES_ERROR;
				GCC_WARN_UNDECLARED_SELECTOR = YES;
				GCC_WARN_UNINITIALIZED_AUTOS = YES_AGGRESSIVE;
				GCC_WARN_UNUSED_FUNCTION = YES;
				GCC_WARN_UNUSED_VARIABLE = YES;
				IPHONEOS_DEPLOYMENT_TARGET = 16.4;
				MTL_ENABLE_DEBUG_INFO = NO;
				MTL_FAST_MATH = YES;
				SDKROOT = iphoneos;
				SWIFT_COMPILATION_MODE = wholemodule;
				SWIFT_OPTIMIZATION_LEVEL = "-O";
				VALIDATE_PRODUCT = YES;
			};
			name = Release;
		};
		D4956DB92B18247B0043A2BE /* Debug */ = {
			isa = XCBuildConfiguration;
			buildSettings = {
				ASSETCATALOG_COMPILER_APPICON_NAME = AppIcon;
				ASSETCATALOG_COMPILER_GLOBAL_ACCENT_COLOR_NAME = AccentColor;
				CODE_SIGN_STYLE = Automatic;
				CURRENT_PROJECT_VERSION = 1;
				DEVELOPMENT_ASSET_PATHS = "\"Airbnb/Preview Content\"";
				DEVELOPMENT_TEAM = 6VC84T9283;
				ENABLE_PREVIEWS = YES;
				GENERATE_INFOPLIST_FILE = YES;
				INFOPLIST_KEY_UIApplicationSceneManifest_Generation = YES;
				INFOPLIST_KEY_UIApplicationSupportsIndirectInputEvents = YES;
				INFOPLIST_KEY_UILaunchScreen_Generation = YES;
				INFOPLIST_KEY_UISupportedInterfaceOrientations_iPad = "UIInterfaceOrientationPortrait UIInterfaceOrientationPortraitUpsideDown UIInterfaceOrientationLandscapeLeft UIInterfaceOrientationLandscapeRight";
				INFOPLIST_KEY_UISupportedInterfaceOrientations_iPhone = "UIInterfaceOrientationPortrait UIInterfaceOrientationLandscapeLeft UIInterfaceOrientationLandscapeRight";
				IPHONEOS_DEPLOYMENT_TARGET = 15.3;
				LD_RUNPATH_SEARCH_PATHS = (
					"$(inherited)",
					"@executable_path/Frameworks",
				);
				MARKETING_VERSION = 1.0;
				PRODUCT_BUNDLE_IDENTIFIER = lynkto.dev.Airbnb;
				PRODUCT_NAME = "$(TARGET_NAME)";
				SWIFT_EMIT_LOC_STRINGS = YES;
				SWIFT_VERSION = 5.0;
				TARGETED_DEVICE_FAMILY = "1,2";
			};
			name = Debug;
		};
		D4956DBA2B18247B0043A2BE /* Release */ = {
			isa = XCBuildConfiguration;
			buildSettings = {
				ASSETCATALOG_COMPILER_APPICON_NAME = AppIcon;
				ASSETCATALOG_COMPILER_GLOBAL_ACCENT_COLOR_NAME = AccentColor;
				CODE_SIGN_STYLE = Automatic;
				CURRENT_PROJECT_VERSION = 1;
				DEVELOPMENT_ASSET_PATHS = "\"Airbnb/Preview Content\"";
				DEVELOPMENT_TEAM = 6VC84T9283;
				ENABLE_PREVIEWS = YES;
				GENERATE_INFOPLIST_FILE = YES;
				INFOPLIST_KEY_UIApplicationSceneManifest_Generation = YES;
				INFOPLIST_KEY_UIApplicationSupportsIndirectInputEvents = YES;
				INFOPLIST_KEY_UILaunchScreen_Generation = YES;
				INFOPLIST_KEY_UISupportedInterfaceOrientations_iPad = "UIInterfaceOrientationPortrait UIInterfaceOrientationPortraitUpsideDown UIInterfaceOrientationLandscapeLeft UIInterfaceOrientationLandscapeRight";
				INFOPLIST_KEY_UISupportedInterfaceOrientations_iPhone = "UIInterfaceOrientationPortrait UIInterfaceOrientationLandscapeLeft UIInterfaceOrientationLandscapeRight";
				IPHONEOS_DEPLOYMENT_TARGET = 15.3;
				LD_RUNPATH_SEARCH_PATHS = (
					"$(inherited)",
					"@executable_path/Frameworks",
				);
				MARKETING_VERSION = 1.0;
				PRODUCT_BUNDLE_IDENTIFIER = lynkto.dev.Airbnb;
				PRODUCT_NAME = "$(TARGET_NAME)";
				SWIFT_EMIT_LOC_STRINGS = YES;
				SWIFT_VERSION = 5.0;
				TARGETED_DEVICE_FAMILY = "1,2";
			};
			name = Release;
		};
/* End XCBuildConfiguration section */

/* Begin XCConfigurationList section */
		D4956DA52B18247A0043A2BE /* Build configuration list for PBXProject "Airbnb" */ = {
			isa = XCConfigurationList;
			buildConfigurations = (
				D4956DB62B18247B0043A2BE /* Debug */,
				D4956DB72B18247B0043A2BE /* Release */,
			);
			defaultConfigurationIsVisible = 0;
			defaultConfigurationName = Release;
		};
		D4956DB82B18247B0043A2BE /* Build configuration list for PBXNativeTarget "Airbnb" */ = {
			isa = XCConfigurationList;
			buildConfigurations = (
				D4956DB92B18247B0043A2BE /* Debug */,
				D4956DBA2B18247B0043A2BE /* Release */,
			);
			defaultConfigurationIsVisible = 0;
			defaultConfigurationName = Release;
		};
/* End XCConfigurationList section */
	};
	rootObject = D4956DA22B18247A0043A2BE /* Project object */;
}
